
Microsoft Visual Studio Solution File, Format Version 12.00
# Visual Studio Version 16
VisualStudioVersion = 16.0.31025.194
MinimumVisualStudioVersion = 10.0.40219.1
Project("{FAE04EC0-301F-11D3-BF4B-00C04F79EFBC}") = "Simple Chess Web Application", "Simple Chess Web Application.csproj", "{3825EA22-39A9-45FD-820F-6542BF0D1C74}"
EndProject
Global
	GlobalSection(SolutionConfigurationPlatforms) = preSolution
		Debug|Any CPU = Debug|Any CPU
		Release|Any CPU = Release|Any CPU
	EndGlobalSection
	GlobalSection(ProjectConfigurationPlatforms) = postSolution
		{3825EA22-39A9-45FD-820F-6542BF0D1C74}.Debug|Any CPU.ActiveCfg = Debug|Any CPU
		{3825EA22-39A9-45FD-820F-6542BF0D1C74}.Debug|Any CPU.Build.0 = Debug|Any CPU
		{3825EA22-39A9-45FD-820F-6542BF0D1C74}.Release|Any CPU.ActiveCfg = Release|Any CPU
		{3825EA22-39A9-45FD-820F-6542BF0D1C74}.Release|Any CPU.Build.0 = Release|Any CPU
	EndGlobalSection
	GlobalSection(SolutionProperties) = preSolution
		HideSolutionNode = FALSE
	EndGlobalSection
	GlobalSection(ExtensibilityGlobals) = postSolution
		SolutionGuid = {C5311574-E928-4B04-8FE6-0796F0D072DB}
	EndGlobalSection
EndGlobal
